<?xml version="1.0" encoding="utf-8"?>
<Project ToolsVersion="4.0" xmlns="http://schemas.microsoft.com/developer/msbuild/2003">
  <ItemGroup>
    <Filter Include="Header Files">
      <UniqueIdentifier>{93995380-89BD-4b04-88EB-625FBE52EBFB}</UniqueIdentifier>
      <Extensions>h;hpp;hxx;hm;inl;inc;xsd</Extensions>
    </Filter>
    <Filter Include="Engine">
      <UniqueIdentifier>{8c94a97c-3a96-4abc-bcee-52a33636e938}</UniqueIdentifier>
    </Filter>
    <Filter Include="Engine\Utils">
      <UniqueIdentifier>{a29d854b-539c-4120-bfaa-169f0ff9a74c}</UniqueIdentifier>
    </Filter>
    <Filter Include="Engine\Core">
      <UniqueIdentifier>{a556e242-098d-4b59-a888-e82e387b8182}</UniqueIdentifier>
    </Filter>
    <Filter Include="Engine\Render">
      <UniqueIdentifier>{fe94f817-b007-4bee-9c80-5e737c264dee}</UniqueIdentifier>
    </Filter>
    <Filter Include="Engine\Resources">
      <UniqueIdentifier>{44a18cc8-f468-408f-8263-9b9cb3c32896}</UniqueIdentifier>
    </Filter>
    <Filter Include="Engine\Game">
      <UniqueIdentifier>{c90810dc-8af4-4953-a553-715b0659f11f}</UniqueIdentifier>
    </Filter>
    <Filter Include="Engine\Game\Components">
      <UniqueIdentifier>{00b7ffae-36cf-420e-bc54-db95c9711d64}</UniqueIdentifier>
    </Filter>
    <Filter Include="Engine\Game\Systems">
      <UniqueIdentifier>{4e51c272-27ae-411c-8298-4d66a2a1c837}</UniqueIdentifier>
    </Filter>
    <Filter Include="MyGame">
      <UniqueIdentifier>{4FC737F1-C7A5-4376-A066-2A32D752A2FF}</UniqueIdentifier>
      <Extensions>cpp;c;cc;cxx;def;odl;idl;hpj;bat;asm;asmx</Extensions>
    </Filter>
    <Filter Include="Engine\Math">
      <UniqueIdentifier>{36d89754-1a60-4852-9f4c-c313ad2c6bd0}</UniqueIdentifier>
    </Filter>
    <Filter Include="Engine\Physics">
      <UniqueIdentifier>{ca01099c-ea1e-4d66-b866-b6ea021531b7}</UniqueIdentifier>
    </Filter>
  </ItemGroup>
  <ItemGroup>
    <ClInclude Include="stdafx.h">
      <Filter>Header Files</Filter>
    </ClInclude>
    <ClInclude Include="targetver.h">
      <Filter>Header Files</Filter>
    </ClInclude>
    <ClInclude Include="Engine\Avalanche.h">
      <Filter>Engine</Filter>
    </ClInclude>
    <ClInclude Include="GameApp.h">
      <Filter>MyGame</Filter>
    </ClInclude>
    <ClInclude Include="Game.h">
      <Filter>MyGame</Filter>
    </ClInclude>
    <ClInclude Include="Math\Matrix.h">
      <Filter>Engine\Math</Filter>
    </ClInclude>
    <ClInclude Include="Math\Vector3.h">
      <Filter>Engine\Math</Filter>
    </ClInclude>
    <ClInclude Include="Math\Vector4.h">
      <Filter>Engine\Math</Filter>
    </ClInclude>
    <ClInclude Include="Math\Vector2.h">
      <Filter>Engine\Math</Filter>
    </ClInclude>
    <ClInclude Include="Math\Quaternion.h">
      <Filter>Engine\Math</Filter>
    </ClInclude>
    <ClInclude Include="Math\AvMath.h">
      <Filter>Engine\Math</Filter>
    </ClInclude>
    <ClInclude Include="Engine\Core\Application.h">
      <Filter>Engine\Core</Filter>
    </ClInclude>
    <ClInclude Include="Engine\Core\Input.h">
      <Filter>Engine\Core</Filter>
    </ClInclude>
    <ClInclude Include="Engine\Core\Timer.h">
      <Filter>Engine\Core</Filter>
    </ClInclude>
    <ClInclude Include="Engine\Utils\OpenGL.h">
      <Filter>Engine\Utils</Filter>
    </ClInclude>
    <ClInclude Include="Engine\Utils\Font.h">
      <Filter>Engine\Utils</Filter>
    </ClInclude>
    <ClInclude Include="Engine\Utils\ImageLoaders.h">
      <Filter>Engine\Utils</Filter>
    </ClInclude>
    <ClInclude Include="Engine\Utils\Log.h">
      <Filter>Engine\Utils</Filter>
    </ClInclude>
    <ClInclude Include="Engine\Utils\Utils.h">
      <Filter>Engine\Utils</Filter>
    </ClInclude>
    <ClInclude Include="Engine\Resources\Material.h">
      <Filter>Engine\Resources</Filter>
    </ClInclude>
    <ClInclude Include="Engine\Resources\Mesh.h">
      <Filter>Engine\Resources</Filter>
    </ClInclude>
    <ClInclude Include="Engine\Resources\ModelLoaders.h">
      <Filter>Engine\Resources</Filter>
    </ClInclude>
    <ClInclude Include="Engine\Resources\ResourceDescriptions.h">
      <Filter>Engine\Resources</Filter>
    </ClInclude>
    <ClInclude Include="Engine\Resources\ResourceManager.h">
      <Filter>Engine\Resources</Filter>
    </ClInclude>
    <ClInclude Include="Engine\Render\Renderer.h">
      <Filter>Engine\Render</Filter>
    </ClInclude>
    <ClInclude Include="Engine\Render\Shader.h">
      <Filter>Engine\Render</Filter>
    </ClInclude>
    <ClInclude Include="Engine\Render\Texture.h">
      <Filter>Engine\Render</Filter>
    </ClInclude>
    <ClInclude Include="Engine\Render\VertexArrayObject.h">
      <Filter>Engine\Render</Filter>
    </ClInclude>
    <ClInclude Include="Engine\Render\VertexBuffer.h">
      <Filter>Engine\Render</Filter>
    </ClInclude>
    <ClInclude Include="Engine\Render\VertexDescription.h">
      <Filter>Engine\Render</Filter>
    </ClInclude>
    <ClInclude Include="Engine\Render\VertexTypes.h">
      <Filter>Engine\Render</Filter>
    </ClInclude>
    <ClInclude Include="Engine\Game\Scene.h">
      <Filter>Engine\Game</Filter>
    </ClInclude>
    <ClInclude Include="Engine\Game\Component.h">
      <Filter>Engine\Game</Filter>
    </ClInclude>
    <ClInclude Include="Engine\Game\Entity.h">
      <Filter>Engine\Game</Filter>
    </ClInclude>
    <ClInclude Include="Engine\Game\TransformComponent.h">
      <Filter>Engine\Game\Components</Filter>
    </ClInclude>
    <ClInclude Include="Engine\Game\AnimatorSystem.h">
      <Filter>Engine\Game\Systems</Filter>
    </ClInclude>
    <ClInclude Include="Engine\Game\AnimatorComponent.h">
      <Filter>Engine\Game\Components</Filter>
    </ClInclude>
    <ClInclude Include="MyComponents.h">
      <Filter>MyGame</Filter>
    </ClInclude>
    <ClInclude Include="Engine\Game\EntityContainer.h">
      <Filter>Engine\Game</Filter>
    </ClInclude>
    <ClInclude Include="Engine\Game\CameraComponent.h">
      <Filter>Engine\Game\Components</Filter>
    </ClInclude>
    <ClInclude Include="Engine\Game\Shapes.h">
      <Filter>Engine\Game\Components</Filter>
    </ClInclude>
    <ClInclude Include="Engine\Game\MeshComponent.h">
      <Filter>Engine\Game\Components</Filter>
    </ClInclude>
    <ClInclude Include="Engine\Game\LightComponent.h">
      <Filter>Engine\Game\Components</Filter>
    </ClInclude>
    <ClInclude Include="Engine\Physics\PhysicsSystem.h">
      <Filter>Engine\Physics</Filter>
    </ClInclude>
    <ClInclude Include="Engine\Game\System.h">
      <Filter>Engine\Game\Systems</Filter>
    </ClInclude>
  </ItemGroup>
  <ItemGroup>
    <ClCompile Include="stdafx.cpp">
      <Filter>Header Files</Filter>
    </ClCompile>
    <ClCompile Include="Main.cpp">
      <Filter>MyGame</Filter>
    </ClCompile>
    <ClCompile Include="GameApp.cpp">
      <Filter>MyGame</Filter>
    </ClCompile>
    <ClCompile Include="Game.cpp">
      <Filter>MyGame</Filter>
    </ClCompile>
    <ClCompile Include="Math\Quaternion.cpp">
      <Filter>Engine\Math</Filter>
    </ClCompile>
    <ClCompile Include="Math\Vector3.cpp">
      <Filter>Engine\Math</Filter>
    </ClCompile>
    <ClCompile Include="Math\Vector2.cpp">
      <Filter>Engine\Math</Filter>
    </ClCompile>
    <ClCompile Include="Math\Vector4.cpp">
      <Filter>Engine\Math</Filter>
    </ClCompile>
    <ClCompile Include="Math\Matrix.cpp">
      <Filter>Engine\Math</Filter>
    </ClCompile>
    <ClCompile Include="Math\AvMath.cpp">
      <Filter>Engine\Math</Filter>
    </ClCompile>
    <ClCompile Include="GL\gl_core_3_3.c">
      <Filter>Engine\Render</Filter>
    </ClCompile>
    <ClCompile Include="Engine\Core\Application.cpp">
      <Filter>Engine\Core</Filter>
    </ClCompile>
    <ClCompile Include="Engine\Core\Input.cpp">
      <Filter>Engine\Core</Filter>
    </ClCompile>
    <ClCompile Include="Engine\Utils\OpenGL.cpp">
      <Filter>Engine\Utils</Filter>
    </ClCompile>
    <ClCompile Include="Engine\Utils\Font.cpp">
      <Filter>Engine\Utils</Filter>
    </ClCompile>
    <ClCompile Include="Engine\Utils\ImageLoaders.cpp">
      <Filter>Engine\Utils</Filter>
    </ClCompile>
    <ClCompile Include="Engine\Utils\Log.cpp">
      <Filter>Engine\Utils</Filter>
    </ClCompile>
    <ClCompile Include="Engine\Utils\Utils.cpp">
      <Filter>Engine\Utils</Filter>
    </ClCompile>
    <ClCompile Include="Engine\Resources\Material.cpp">
      <Filter>Engine\Resources</Filter>
    </ClCompile>
    <ClCompile Include="Engine\Resources\Mesh.cpp">
      <Filter>Engine\Resources</Filter>
    </ClCompile>
    <ClCompile Include="Engine\Resources\ModelLoaders.cpp">
      <Filter>Engine\Resources</Filter>
    </ClCompile>
    <ClCompile Include="Engine\Resources\ResourceDescriptions.cpp">
      <Filter>Engine\Resources</Filter>
    </ClCompile>
    <ClCompile Include="Engine\Resources\ResourceManager.cpp">
      <Filter>Engine\Resources</Filter>
    </ClCompile>
    <ClCompile Include="Engine\Render\Renderer.cpp">
      <Filter>Engine\Render</Filter>
    </ClCompile>
    <ClCompile Include="Engine\Render\Shader.cpp">
      <Filter>Engine\Render</Filter>
    </ClCompile>
    <ClCompile Include="Engine\Render\Texture.cpp">
      <Filter>Engine\Render</Filter>
    </ClCompile>
    <ClCompile Include="Engine\Render\VertexDescription.cpp">
      <Filter>Engine\Render</Filter>
    </ClCompile>
    <ClCompile Include="Engine\Game\Scene.cpp">
      <Filter>Engine\Game</Filter>
    </ClCompile>
    <ClCompile Include="Engine\Game\Entity.cpp">
      <Filter>Engine\Game</Filter>
    </ClCompile>
    <ClCompile Include="Engine\Game\TransformComponent.cpp">
      <Filter>Engine\Game\Components</Filter>
    </ClCompile>
    <ClCompile Include="Engine\Game\AnimatorSystem.cpp">
      <Filter>Engine\Game\Systems</Filter>
    </ClCompile>
    <ClCompile Include="MyComponents.cpp">
      <Filter>MyGame</Filter>
    </ClCompile>
    <ClCompile Include="Engine\Game\CameraComponent.cpp">
      <Filter>Engine\Game\Components</Filter>
    </ClCompile>
    <ClCompile Include="Engine\Game\Shapes.cpp">
      <Filter>Engine\Game\Components</Filter>
    </ClCompile>
    <ClCompile Include="Engine\Game\MeshComponent.cpp">
      <Filter>Engine\Game\Components</Filter>
    </ClCompile>
    <ClCompile Include="Engine\Game\LightComponent.cpp">
      <Filter>Engine\Game\Components</Filter>
    </ClCompile>
    <ClCompile Include="Engine\Physics\PhysicsSystem.cpp">
      <Filter>Engine\Physics</Filter>
    </ClCompile>
    <ClCompile Include="Engine\Game\System.cpp">
      <Filter>Engine\Game\Systems</Filter>
    </ClCompile>
    <ClCompile Include="Engine\Game\EntityContainer.cpp">
      <Filter>Engine\Game</Filter>
    </ClCompile>
  </ItemGroup>
</Project>